
Microsoft Visual Studio Solution File, Format Version 12.00
# Visual Studio 15
VisualStudioVersion = 15.0.27428.2015
MinimumVisualStudioVersion = 10.0.40219.1
Project("{FAE04EC0-301F-11D3-BF4B-00C04F79EFBC}") = "MVVMbyHand.Android", "MVVMbyHand\MVVMbyHand.Android\MVVMbyHand.Android.csproj", "{BBF0B074-2208-4D48-BB1C-ADEAEF3A4329}"
EndProject
Project("{FAE04EC0-301F-11D3-BF4B-00C04F79EFBC}") = "MVVMbyHand.iOS", "MVVMbyHand\MVVMbyHand.iOS\MVVMbyHand.iOS.csproj", "{DC678464-26C7-452C-99AD-6E0C82104F6D}"
EndProject
Project("{FAE04EC0-301F-11D3-BF4B-00C04F79EFBC}") = "MVVMbyHand.UWP", "MVVMbyHand\MVVMbyHand.UWP\MVVMbyHand.UWP.csproj", "{19640491-414D-42D8-9A50-A3F183C9302B}"
EndProject
Project("{FAE04EC0-301F-11D3-BF4B-00C04F79EFBC}") = "MVVMbyHand", "MVVMbyHand\MVVMbyHand\MVVMbyHand.csproj", "{6A3081BB-B9C2-4812-839A-E1FE5FF883EB}"
EndProject
Project("{FAE04EC0-301F-11D3-BF4B-00C04F79EFBC}") = "LibModel", "LibModel\LibModel.csproj", "{97419073-1A8D-496C-A153-F12CB38F4BF8}"
EndProject
Global
	GlobalSection(SolutionConfigurationPlatforms) = preSolution
		Ad-Hoc|Any CPU = Ad-Hoc|Any CPU
		Ad-Hoc|ARM = Ad-Hoc|ARM
		Ad-Hoc|iPhone = Ad-Hoc|iPhone
		Ad-Hoc|iPhoneSimulator = Ad-Hoc|iPhoneSimulator
		Ad-Hoc|x64 = Ad-Hoc|x64
		Ad-Hoc|x86 = Ad-Hoc|x86
		AppStore|Any CPU = AppStore|Any CPU
		AppStore|ARM = AppStore|ARM
		AppStore|iPhone = AppStore|iPhone
		AppStore|iPhoneSimulator = AppStore|iPhoneSimulator
		AppStore|x64 = AppStore|x64
		AppStore|x86 = AppStore|x86
		Debug|Any CPU = Debug|Any CPU
		Debug|ARM = Debug|ARM
		Debug|iPhone = Debug|iPhone
		Debug|iPhoneSimulator = Debug|iPhoneSimulator
		Debug|x64 = Debug|x64
		Debug|x86 = Debug|x86
		Release|Any CPU = Release|Any CPU
		Release|ARM = Release|ARM
		Release|iPhone = Release|iPhone
		Release|iPhoneSimulator = Release|iPhoneSimulator
		Release|x64 = Release|x64
		Release|x86 = Release|x86
	EndGlobalSection
	GlobalSection(ProjectConfigurationPlatforms) = postSolution
		{BBF0B074-2208-4D48-BB1C-ADEAEF3A4329}.Ad-Hoc|Any CPU.ActiveCfg = Release|Any CPU
		{BBF0B074-2208-4D48-BB1C-ADEAEF3A4329}.Ad-Hoc|Any CPU.Build.0 = Release|Any CPU
		{BBF0B074-2208-4D48-BB1C-ADEAEF3A4329}.Ad-Hoc|Any CPU.Deploy.0 = Release|Any CPU
		{BBF0B074-2208-4D48-BB1C-ADEAEF3A4329}.Ad-Hoc|ARM.ActiveCfg = Release|Any CPU
		{BBF0B074-2208-4D48-BB1C-ADEAEF3A4329}.Ad-Hoc|ARM.Build.0 = Release|Any CPU
		{BBF0B074-2208-4D48-BB1C-ADEAEF3A4329}.Ad-Hoc|ARM.Deploy.0 = Release|Any CPU
		{BBF0B074-2208-4D48-BB1C-ADEAEF3A4329}.Ad-Hoc|iPhone.ActiveCfg = Release|Any CPU
		{BBF0B074-2208-4D48-BB1C-ADEAEF3A4329}.Ad-Hoc|iPhone.Build.0 = Release|Any CPU
		{BBF0B074-2208-4D48-BB1C-ADEAEF3A4329}.Ad-Hoc|iPhone.Deploy.0 = Release|Any CPU
		{BBF0B074-2208-4D48-BB1C-ADEAEF3A4329}.Ad-Hoc|iPhoneSimulator.ActiveCfg = Release|Any CPU
		{BBF0B074-2208-4D48-BB1C-ADEAEF3A4329}.Ad-Hoc|iPhoneSimulator.Build.0 = Release|Any CPU
		{BBF0B074-2208-4D48-BB1C-ADEAEF3A4329}.Ad-Hoc|iPhoneSimulator.Deploy.0 = Release|Any CPU
		{BBF0B074-2208-4D48-BB1C-ADEAEF3A4329}.Ad-Hoc|x64.ActiveCfg = Release|Any CPU
		{BBF0B074-2208-4D48-BB1C-ADEAEF3A4329}.Ad-Hoc|x64.Build.0 = Release|Any CPU
		{BBF0B074-2208-4D48-BB1C-ADEAEF3A4329}.Ad-Hoc|x64.Deploy.0 = Release|Any CPU
		{BBF0B074-2208-4D48-BB1C-ADEAEF3A4329}.Ad-Hoc|x86.ActiveCfg = Release|Any CPU
		{BBF0B074-2208-4D48-BB1C-ADEAEF3A4329}.Ad-Hoc|x86.Build.0 = Release|Any CPU
		{BBF0B074-2208-4D48-BB1C-ADEAEF3A4329}.Ad-Hoc|x86.Deploy.0 = Release|Any CPU
		{BBF0B074-2208-4D48-BB1C-ADEAEF3A4329}.AppStore|Any CPU.ActiveCfg = Release|Any CPU
		{BBF0B074-2208-4D48-BB1C-ADEAEF3A4329}.AppStore|Any CPU.Build.0 = Release|Any CPU
		{BBF0B074-2208-4D48-BB1C-ADEAEF3A4329}.AppStore|Any CPU.Deploy.0 = Release|Any CPU
		{BBF0B074-2208-4D48-BB1C-ADEAEF3A4329}.AppStore|ARM.ActiveCfg = Release|Any CPU
		{BBF0B074-2208-4D48-BB1C-ADEAEF3A4329}.AppStore|ARM.Build.0 = Release|Any CPU
		{BBF0B074-2208-4D48-BB1C-ADEAEF3A4329}.AppStore|ARM.Deploy.0 = Release|Any CPU
		{BBF0B074-2208-4D48-BB1C-ADEAEF3A4329}.AppStore|iPhone.ActiveCfg = Release|Any CPU
		{BBF0B074-2208-4D48-BB1C-ADEAEF3A4329}.AppStore|iPhone.Build.0 = Release|Any CPU
		{BBF0B074-2208-4D48-BB1C-ADEAEF3A4329}.AppStore|iPhone.Deploy.0 = Release|Any CPU
		{BBF0B074-2208-4D48-BB1C-ADEAEF3A4329}.AppStore|iPhoneSimulator.ActiveCfg = Release|Any CPU
		{BBF0B074-2208-4D48-BB1C-ADEAEF3A4329}.AppStore|iPhoneSimulator.Build.0 = Release|Any CPU
		{BBF0B074-2208-4D48-BB1C-ADEAEF3A4329}.AppStore|iPhoneSimulator.Deploy.0 = Release|Any CPU
		{BBF0B074-2208-4D48-BB1C-ADEAEF3A4329}.AppStore|x64.ActiveCfg = Release|Any CPU
		{BBF0B074-2208-4D48-BB1C-ADEAEF3A4329}.AppStore|x64.Build.0 = Release|Any CPU
		{BBF0B074-2208-4D48-BB1C-ADEAEF3A4329}.AppStore|x64.Deploy.0 = Release|Any CPU
		{BBF0B074-2208-4D48-BB1C-ADEAEF3A4329}.AppStore|x86.ActiveCfg = Release|Any CPU
		{BBF0B074-2208-4D48-BB1C-ADEAEF3A4329}.AppStore|x86.Build.0 = Release|Any CPU
		{BBF0B074-2208-4D48-BB1C-ADEAEF3A4329}.AppStore|x86.Deploy.0 = Release|Any CPU
		{BBF0B074-2208-4D48-BB1C-ADEAEF3A4329}.Debug|Any CPU.ActiveCfg = Debug|Any CPU
		{BBF0B074-2208-4D48-BB1C-ADEAEF3A4329}.Debug|Any CPU.Build.0 = Debug|Any CPU
		{BBF0B074-2208-4D48-BB1C-ADEAEF3A4329}.Debug|Any CPU.Deploy.0 = Debug|Any CPU
		{BBF0B074-2208-4D48-BB1C-ADEAEF3A4329}.Debug|ARM.ActiveCfg = Debug|Any CPU
		{BBF0B074-2208-4D48-BB1C-ADEAEF3A4329}.Debug|ARM.Build.0 = Debug|Any CPU
		{BBF0B074-2208-4D48-BB1C-ADEAEF3A4329}.Debug|ARM.Deploy.0 = Debug|Any CPU
		{BBF0B074-2208-4D48-BB1C-ADEAEF3A4329}.Debug|iPhone.ActiveCfg = Debug|Any CPU
		{BBF0B074-2208-4D48-BB1C-ADEAEF3A4329}.Debug|iPhone.Build.0 = Debug|Any CPU
		{BBF0B074-2208-4D48-BB1C-ADEAEF3A4329}.Debug|iPhone.Deploy.0 = Debug|Any CPU
		{BBF0B074-2208-4D48-BB1C-ADEAEF3A4329}.Debug|iPhoneSimulator.ActiveCfg = Debug|Any CPU
		{BBF0B074-2208-4D48-BB1C-ADEAEF3A4329}.Debug|iPhoneSimulator.Build.0 = Debug|Any CPU
		{BBF0B074-2208-4D48-BB1C-ADEAEF3A4329}.Debug|iPhoneSimulator.Deploy.0 = Debug|Any CPU
		{BBF0B074-2208-4D48-BB1C-ADEAEF3A4329}.Debug|x64.ActiveCfg = Debug|Any CPU
		{BBF0B074-2208-4D48-BB1C-ADEAEF3A4329}.Debug|x64.Build.0 = Debug|Any CPU
		{BBF0B074-2208-4D48-BB1C-ADEAEF3A4329}.Debug|x64.Deploy.0 = Debug|Any CPU
		{BBF0B074-2208-4D48-BB1C-ADEAEF3A4329}.Debug|x86.ActiveCfg = Debug|Any CPU
		{BBF0B074-2208-4D48-BB1C-ADEAEF3A4329}.Debug|x86.Build.0 = Debug|Any CPU
		{BBF0B074-2208-4D48-BB1C-ADEAEF3A4329}.Debug|x86.Deploy.0 = Debug|Any CPU
		{BBF0B074-2208-4D48-BB1C-ADEAEF3A4329}.Release|Any CPU.ActiveCfg = Release|Any CPU
		{BBF0B074-2208-4D48-BB1C-ADEAEF3A4329}.Release|Any CPU.Build.0 = Release|Any CPU
		{BBF0B074-2208-4D48-BB1C-ADEAEF3A4329}.Release|Any CPU.Deploy.0 = Release|Any CPU
		{BBF0B074-2208-4D48-BB1C-ADEAEF3A4329}.Release|ARM.ActiveCfg = Release|Any CPU
		{BBF0B074-2208-4D48-BB1C-ADEAEF3A4329}.Release|ARM.Build.0 = Release|Any CPU
		{BBF0B074-2208-4D48-BB1C-ADEAEF3A4329}.Release|ARM.Deploy.0 = Release|Any CPU
		{BBF0B074-2208-4D48-BB1C-ADEAEF3A4329}.Release|iPhone.ActiveCfg = Release|Any CPU
		{BBF0B074-2208-4D48-BB1C-ADEAEF3A4329}.Release|iPhone.Build.0 = Release|Any CPU
		{BBF0B074-2208-4D48-BB1C-ADEAEF3A4329}.Release|iPhone.Deploy.0 = Release|Any CPU
		{BBF0B074-2208-4D48-BB1C-ADEAEF3A4329}.Release|iPhoneSimulator.ActiveCfg = Release|Any CPU
		{BBF0B074-2208-4D48-BB1C-ADEAEF3A4329}.Release|iPhoneSimulator.Build.0 = Release|Any CPU
		{BBF0B074-2208-4D48-BB1C-ADEAEF3A4329}.Release|iPhoneSimulator.Deploy.0 = Release|Any CPU
		{BBF0B074-2208-4D48-BB1C-ADEAEF3A4329}.Release|x64.ActiveCfg = Release|Any CPU
		{BBF0B074-2208-4D48-BB1C-ADEAEF3A4329}.Release|x64.Build.0 = Release|Any CPU
		{BBF0B074-2208-4D48-BB1C-ADEAEF3A4329}.Release|x64.Deploy.0 = Release|Any CPU
		{BBF0B074-2208-4D48-BB1C-ADEAEF3A4329}.Release|x86.ActiveCfg = Release|Any CPU
		{BBF0B074-2208-4D48-BB1C-ADEAEF3A4329}.Release|x86.Build.0 = Release|Any CPU
		{BBF0B074-2208-4D48-BB1C-ADEAEF3A4329}.Release|x86.Deploy.0 = Release|Any CPU
		{DC678464-26C7-452C-99AD-6E0C82104F6D}.Ad-Hoc|Any CPU.ActiveCfg = Ad-Hoc|iPhone
		{DC678464-26C7-452C-99AD-6E0C82104F6D}.Ad-Hoc|ARM.ActiveCfg = Ad-Hoc|iPhone
		{DC678464-26C7-452C-99AD-6E0C82104F6D}.Ad-Hoc|iPhone.ActiveCfg = Ad-Hoc|iPhone
		{DC678464-26C7-452C-99AD-6E0C82104F6D}.Ad-Hoc|iPhone.Build.0 = Ad-Hoc|iPhone
		{DC678464-26C7-452C-99AD-6E0C82104F6D}.Ad-Hoc|iPhoneSimulator.ActiveCfg = Ad-Hoc|iPhoneSimulator
		{DC678464-26C7-452C-99AD-6E0C82104F6D}.Ad-Hoc|iPhoneSimulator.Build.0 = Ad-Hoc|iPhoneSimulator
		{DC678464-26C7-452C-99AD-6E0C82104F6D}.Ad-Hoc|x64.ActiveCfg = Ad-Hoc|iPhone
		{DC678464-26C7-452C-99AD-6E0C82104F6D}.Ad-Hoc|x86.ActiveCfg = Ad-Hoc|iPhone
		{DC678464-26C7-452C-99AD-6E0C82104F6D}.AppStore|Any CPU.ActiveCfg = AppStore|iPhone
		{DC678464-26C7-452C-99AD-6E0C82104F6D}.AppStore|ARM.ActiveCfg = AppStore|iPhone
		{DC678464-26C7-452C-99AD-6E0C82104F6D}.AppStore|iPhone.ActiveCfg = AppStore|iPhone
		{DC678464-26C7-452C-99AD-6E0C82104F6D}.AppStore|iPhone.Build.0 = AppStore|iPhone
		{DC678464-26C7-452C-99AD-6E0C82104F6D}.AppStore|iPhoneSimulator.ActiveCfg = AppStore|iPhoneSimulator
		{DC678464-26C7-452C-99AD-6E0C82104F6D}.AppStore|iPhoneSimulator.Build.0 = AppStore|iPhoneSimulator
		{DC678464-26C7-452C-99AD-6E0C82104F6D}.AppStore|x64.ActiveCfg = AppStore|iPhone
		{DC678464-26C7-452C-99AD-6E0C82104F6D}.AppStore|x86.ActiveCfg = AppStore|iPhone
		{DC678464-26C7-452C-99AD-6E0C82104F6D}.Debug|Any CPU.ActiveCfg = Debug|iPhone
		{DC678464-26C7-452C-99AD-6E0C82104F6D}.Debug|ARM.ActiveCfg = Debug|iPhone
		{DC678464-26C7-452C-99AD-6E0C82104F6D}.Debug|iPhone.ActiveCfg = Debug|iPhone
		{DC678464-26C7-452C-99AD-6E0C82104F6D}.Debug|iPhone.Build.0 = Debug|iPhone
		{DC678464-26C7-452C-99AD-6E0C82104F6D}.Debug|iPhoneSimulator.ActiveCfg = Debug|iPhoneSimulator
		{DC678464-26C7-452C-99AD-6E0C82104F6D}.Debug|iPhoneSimulator.Build.0 = Debug|iPhoneSimulator
		{DC678464-26C7-452C-99AD-6E0C82104F6D}.Debug|x64.ActiveCfg = Debug|iPhone
		{DC678464-26C7-452C-99AD-6E0C82104F6D}.Debug|x86.ActiveCfg = Debug|iPhone
		{DC678464-26C7-452C-99AD-6E0C82104F6D}.Release|Any CPU.ActiveCfg = Release|iPhone
		{DC678464-26C7-452C-99AD-6E0C82104F6D}.Release|ARM.ActiveCfg = Release|iPhone
		{DC678464-26C7-452C-99AD-6E0C82104F6D}.Release|iPhone.ActiveCfg = Release|iPhone
		{DC678464-26C7-452C-99AD-6E0C82104F6D}.Release|iPhone.Build.0 = Release|iPhone
		{DC678464-26C7-452C-99AD-6E0C82104F6D}.Release|iPhoneSimulator.ActiveCfg = Release|iPhoneSimulator
		{DC678464-26C7-452C-99AD-6E0C82104F6D}.Release|iPhoneSimulator.Build.0 = Release|iPhoneSimulator
		{DC678464-26C7-452C-99AD-6E0C82104F6D}.Release|x64.ActiveCfg = Release|iPhone
		{DC678464-26C7-452C-99AD-6E0C82104F6D}.Release|x86.ActiveCfg = Release|iPhone
		{19640491-414D-42D8-9A50-A3F183C9302B}.Ad-Hoc|Any CPU.ActiveCfg = Release|x86
		{19640491-414D-42D8-9A50-A3F183C9302B}.Ad-Hoc|Any CPU.Build.0 = Release|x86
		{19640491-414D-42D8-9A50-A3F183C9302B}.Ad-Hoc|Any CPU.Deploy.0 = Release|x86
		{19640491-414D-42D8-9A50-A3F183C9302B}.Ad-Hoc|ARM.ActiveCfg = Release|ARM
		{19640491-414D-42D8-9A50-A3F183C9302B}.Ad-Hoc|ARM.Build.0 = Release|ARM
		{19640491-414D-42D8-9A50-A3F183C9302B}.Ad-Hoc|ARM.Deploy.0 = Release|ARM
		{19640491-414D-42D8-9A50-A3F183C9302B}.Ad-Hoc|iPhone.ActiveCfg = Release|x86
		{19640491-414D-42D8-9A50-A3F183C9302B}.Ad-Hoc|iPhone.Build.0 = Release|x86
		{19640491-414D-42D8-9A50-A3F183C9302B}.Ad-Hoc|iPhone.Deploy.0 = Release|x86
		{19640491-414D-42D8-9A50-A3F183C9302B}.Ad-Hoc|iPhoneSimulator.ActiveCfg = Release|x86
		{19640491-414D-42D8-9A50-A3F183C9302B}.Ad-Hoc|iPhoneSimulator.Build.0 = Release|x86
		{19640491-414D-42D8-9A50-A3F183C9302B}.Ad-Hoc|iPhoneSimulator.Deploy.0 = Release|x86
		{19640491-414D-42D8-9A50-A3F183C9302B}.Ad-Hoc|x64.ActiveCfg = Release|x64
		{19640491-414D-42D8-9A50-A3F183C9302B}.Ad-Hoc|x64.Build.0 = Release|x64
		{19640491-414D-42D8-9A50-A3F183C9302B}.Ad-Hoc|x64.Deploy.0 = Release|x64
		{19640491-414D-42D8-9A50-A3F183C9302B}.Ad-Hoc|x86.ActiveCfg = Release|x86
		{19640491-414D-42D8-9A50-A3F183C9302B}.Ad-Hoc|x86.Build.0 = Release|x86
		{19640491-414D-42D8-9A50-A3F183C9302B}.Ad-Hoc|x86.Deploy.0 = Release|x86
		{19640491-414D-42D8-9A50-A3F183C9302B}.AppStore|Any CPU.ActiveCfg = Release|x86
		{19640491-414D-42D8-9A50-A3F183C9302B}.AppStore|Any CPU.Build.0 = Release|x86
		{19640491-414D-42D8-9A50-A3F183C9302B}.AppStore|Any CPU.Deploy.0 = Release|x86
		{19640491-414D-42D8-9A50-A3F183C9302B}.AppStore|ARM.ActiveCfg = Release|ARM
		{19640491-414D-42D8-9A50-A3F183C9302B}.AppStore|ARM.Build.0 = Release|ARM
		{19640491-414D-42D8-9A50-A3F183C9302B}.AppStore|ARM.Deploy.0 = Release|ARM
		{19640491-414D-42D8-9A50-A3F183C9302B}.AppStore|iPhone.ActiveCfg = Release|x86
		{19640491-414D-42D8-9A50-A3F183C9302B}.AppStore|iPhone.Build.0 = Release|x86
		{19640491-414D-42D8-9A50-A3F183C9302B}.AppStore|iPhone.Deploy.0 = Release|x86
		{19640491-414D-42D8-9A50-A3F183C9302B}.AppStore|iPhoneSimulator.ActiveCfg = Release|x86
		{19640491-414D-42D8-9A50-A3F183C9302B}.AppStore|iPhoneSimulator.Build.0 = Release|x86
		{19640491-414D-42D8-9A50-A3F183C9302B}.AppStore|iPhoneSimulator.Deploy.0 = Release|x86
		{19640491-414D-42D8-9A50-A3F183C9302B}.AppStore|x64.ActiveCfg = Release|x64
		{19640491-414D-42D8-9A50-A3F183C9302B}.AppStore|x64.Build.0 = Release|x64
		{19640491-414D-42D8-9A50-A3F183C9302B}.AppStore|x64.Deploy.0 = Release|x64
		{19640491-414D-42D8-9A50-A3F183C9302B}.AppStore|x86.ActiveCfg = Release|x86
		{19640491-414D-42D8-9A50-A3F183C9302B}.AppStore|x86.Build.0 = Release|x86
		{19640491-414D-42D8-9A50-A3F183C9302B}.AppStore|x86.Deploy.0 = Release|x86
		{19640491-414D-42D8-9A50-A3F183C9302B}.Debug|Any CPU.ActiveCfg = Debug|x86
		{19640491-414D-42D8-9A50-A3F183C9302B}.Debug|ARM.ActiveCfg = Debug|ARM
		{19640491-414D-42D8-9A50-A3F183C9302B}.Debug|ARM.Build.0 = Debug|ARM
		{19640491-414D-42D8-9A50-A3F183C9302B}.Debug|ARM.Deploy.0 = Debug|ARM
		{19640491-414D-42D8-9A50-A3F183C9302B}.Debug|iPhone.ActiveCfg = Debug|x86
		{19640491-414D-42D8-9A50-A3F183C9302B}.Debug|iPhoneSimulator.ActiveCfg = Debug|x86
		{19640491-414D-42D8-9A50-A3F183C9302B}.Debug|x64.ActiveCfg = Debug|x64
		{19640491-414D-42D8-9A50-A3F183C9302B}.Debug|x64.Build.0 = Debug|x64
		{19640491-414D-42D8-9A50-A3F183C9302B}.Debug|x64.Deploy.0 = Debug|x64
		{19640491-414D-42D8-9A50-A3F183C9302B}.Debug|x86.ActiveCfg = Debug|x86
		{19640491-414D-42D8-9A50-A3F183C9302B}.Debug|x86.Build.0 = Debug|x86
		{19640491-414D-42D8-9A50-A3F183C9302B}.Debug|x86.Deploy.0 = Debug|x86
		{19640491-414D-42D8-9A50-A3F183C9302B}.Release|Any CPU.ActiveCfg = Release|x86
		{19640491-414D-42D8-9A50-A3F183C9302B}.Release|ARM.ActiveCfg = Release|ARM
		{19640491-414D-42D8-9A50-A3F183C9302B}.Release|ARM.Build.0 = Release|ARM
		{19640491-414D-42D8-9A50-A3F183C9302B}.Release|ARM.Deploy.0 = Release|ARM
		{19640491-414D-42D8-9A50-A3F183C9302B}.Release|iPhone.ActiveCfg = Release|x86
		{19640491-414D-42D8-9A50-A3F183C9302B}.Release|iPhoneSimulator.ActiveCfg = Release|x86
		{19640491-414D-42D8-9A50-A3F183C9302B}.Release|x64.ActiveCfg = Release|x64
		{19640491-414D-42D8-9A50-A3F183C9302B}.Release|x64.Build.0 = Release|x64
		{19640491-414D-42D8-9A50-A3F183C9302B}.Release|x64.Deploy.0 = Release|x64
		{19640491-414D-42D8-9A50-A3F183C9302B}.Release|x86.ActiveCfg = Release|x86
		{19640491-414D-42D8-9A50-A3F183C9302B}.Release|x86.Build.0 = Release|x86
		{19640491-414D-42D8-9A50-A3F183C9302B}.Release|x86.Deploy.0 = Release|x86
		{6A3081BB-B9C2-4812-839A-E1FE5FF883EB}.Ad-Hoc|Any CPU.ActiveCfg = Debug|Any CPU
		{6A3081BB-B9C2-4812-839A-E1FE5FF883EB}.Ad-Hoc|Any CPU.Build.0 = Debug|Any CPU
		{6A3081BB-B9C2-4812-839A-E1FE5FF883EB}.Ad-Hoc|ARM.ActiveCfg = Debug|Any CPU
		{6A3081BB-B9C2-4812-839A-E1FE5FF883EB}.Ad-Hoc|ARM.Build.0 = Debug|Any CPU
		{6A3081BB-B9C2-4812-839A-E1FE5FF883EB}.Ad-Hoc|iPhone.ActiveCfg = Debug|Any CPU
		{6A3081BB-B9C2-4812-839A-E1FE5FF883EB}.Ad-Hoc|iPhone.Build.0 = Debug|Any CPU
		{6A3081BB-B9C2-4812-839A-E1FE5FF883EB}.Ad-Hoc|iPhoneSimulator.ActiveCfg = Debug|Any CPU
		{6A3081BB-B9C2-4812-839A-E1FE5FF883EB}.Ad-Hoc|iPhoneSimulator.Build.0 = Debug|Any CPU
		{6A3081BB-B9C2-4812-839A-E1FE5FF883EB}.Ad-Hoc|x64.ActiveCfg = Debug|Any CPU
		{6A3081BB-B9C2-4812-839A-E1FE5FF883EB}.Ad-Hoc|x64.Build.0 = Debug|Any CPU
		{6A3081BB-B9C2-4812-839A-E1FE5FF883EB}.Ad-Hoc|x86.ActiveCfg = Debug|Any CPU
		{6A3081BB-B9C2-4812-839A-E1FE5FF883EB}.Ad-Hoc|x86.Build.0 = Debug|Any CPU
		{6A3081BB-B9C2-4812-839A-E1FE5FF883EB}.AppStore|Any CPU.ActiveCfg = Debug|Any CPU
		{6A3081BB-B9C2-4812-839A-E1FE5FF883EB}.AppStore|Any CPU.Build.0 = Debug|Any CPU
		{6A3081BB-B9C2-4812-839A-E1FE5FF883EB}.AppStore|ARM.ActiveCfg = Debug|Any CPU
		{6A3081BB-B9C2-4812-839A-E1FE5FF883EB}.AppStore|ARM.Build.0 = Debug|Any CPU
		{6A3081BB-B9C2-4812-839A-E1FE5FF883EB}.AppStore|iPhone.ActiveCfg = Debug|Any CPU
		{6A3081BB-B9C2-4812-839A-E1FE5FF883EB}.AppStore|iPhone.Build.0 = Debug|Any CPU
		{6A3081BB-B9C2-4812-839A-E1FE5FF883EB}.AppStore|iPhoneSimulator.ActiveCfg = Debug|Any CPU
		{6A3081BB-B9C2-4812-839A-E1FE5FF883EB}.AppStore|iPhoneSimulator.Build.0 = Debug|Any CPU
		{6A3081BB-B9C2-4812-839A-E1FE5FF883EB}.AppStore|x64.ActiveCfg = Debug|Any CPU
		{6A3081BB-B9C2-4812-839A-E1FE5FF883EB}.AppStore|x64.Build.0 = Debug|Any CPU
		{6A3081BB-B9C2-4812-839A-E1FE5FF883EB}.AppStore|x86.ActiveCfg = Debug|Any CPU
		{6A3081BB-B9C2-4812-839A-E1FE5FF883EB}.AppStore|x86.Build.0 = Debug|Any CPU
		{6A3081BB-B9C2-4812-839A-E1FE5FF883EB}.Debug|Any CPU.ActiveCfg = Debug|Any CPU
		{6A3081BB-B9C2-4812-839A-E1FE5FF883EB}.Debug|Any CPU.Build.0 = Debug|Any CPU
		{6A3081BB-B9C2-4812-839A-E1FE5FF883EB}.Debug|ARM.ActiveCfg = Debug|Any CPU
		{6A3081BB-B9C2-4812-839A-E1FE5FF883EB}.Debug|ARM.Build.0 = Debug|Any CPU
		{6A3081BB-B9C2-4812-839A-E1FE5FF883EB}.Debug|iPhone.ActiveCfg = Debug|Any CPU
		{6A3081BB-B9C2-4812-839A-E1FE5FF883EB}.Debug|iPhone.Build.0 = Debug|Any CPU
		{6A3081BB-B9C2-4812-839A-E1FE5FF883EB}.Debug|iPhoneSimulator.ActiveCfg = Debug|Any CPU
		{6A3081BB-B9C2-4812-839A-E1FE5FF883EB}.Debug|iPhoneSimulator.Build.0 = Debug|Any CPU
		{6A3081BB-B9C2-4812-839A-E1FE5FF883EB}.Debug|x64.ActiveCfg = Debug|Any CPU
		{6A3081BB-B9C2-4812-839A-E1FE5FF883EB}.Debug|x64.Build.0 = Debug|Any CPU
		{6A3081BB-B9C2-4812-839A-E1FE5FF883EB}.Debug|x86.ActiveCfg = Debug|Any CPU
		{6A3081BB-B9C2-4812-839A-E1FE5FF883EB}.Debug|x86.Build.0 = Debug|Any CPU
		{6A3081BB-B9C2-4812-839A-E1FE5FF883EB}.Release|Any CPU.ActiveCfg = Release|Any CPU
		{6A3081BB-B9C2-4812-839A-E1FE5FF883EB}.Release|Any CPU.Build.0 = Release|Any CPU
		{6A3081BB-B9C2-4812-839A-E1FE5FF883EB}.Release|ARM.ActiveCfg = Release|Any CPU
		{6A3081BB-B9C2-4812-839A-E1FE5FF883EB}.Release|ARM.Build.0 = Release|Any CPU
		{6A3081BB-B9C2-4812-839A-E1FE5FF883EB}.Release|iPhone.ActiveCfg = Release|Any CPU
		{6A3081BB-B9C2-4812-839A-E1FE5FF883EB}.Release|iPhone.Build.0 = Release|Any CPU
		{6A3081BB-B9C2-4812-839A-E1FE5FF883EB}.Release|iPhoneSimulator.ActiveCfg = Release|Any CPU
		{6A3081BB-B9C2-4812-839A-E1FE5FF883EB}.Release|iPhoneSimulator.Build.0 = Release|Any CPU
		{6A3081BB-B9C2-4812-839A-E1FE5FF883EB}.Release|x64.ActiveCfg = Release|Any CPU
		{6A3081BB-B9C2-4812-839A-E1FE5FF883EB}.Release|x64.Build.0 = Release|Any CPU
		{6A3081BB-B9C2-4812-839A-E1FE5FF883EB}.Release|x86.ActiveCfg = Release|Any CPU
		{6A3081BB-B9C2-4812-839A-E1FE5FF883EB}.Release|x86.Build.0 = Release|Any CPU
		{97419073-1A8D-496C-A153-F12CB38F4BF8}.Ad-Hoc|Any CPU.ActiveCfg = Debug|Any CPU
		{97419073-1A8D-496C-A153-F12CB38F4BF8}.Ad-Hoc|Any CPU.Build.0 = Debug|Any CPU
		{97419073-1A8D-496C-A153-F12CB38F4BF8}.Ad-Hoc|ARM.ActiveCfg = Debug|Any CPU
		{97419073-1A8D-496C-A153-F12CB38F4BF8}.Ad-Hoc|ARM.Build.0 = Debug|Any CPU
		{97419073-1A8D-496C-A153-F12CB38F4BF8}.Ad-Hoc|iPhone.ActiveCfg = Debug|Any CPU
		{97419073-1A8D-496C-A153-F12CB38F4BF8}.Ad-Hoc|iPhone.Build.0 = Debug|Any CPU
		{97419073-1A8D-496C-A153-F12CB38F4BF8}.Ad-Hoc|iPhoneSimulator.ActiveCfg = Debug|Any CPU
		{97419073-1A8D-496C-A153-F12CB38F4BF8}.Ad-Hoc|iPhoneSimulator.Build.0 = Debug|Any CPU
		{97419073-1A8D-496C-A153-F12CB38F4BF8}.Ad-Hoc|x64.ActiveCfg = Debug|Any CPU
		{97419073-1A8D-496C-A153-F12CB38F4BF8}.Ad-Hoc|x64.Build.0 = Debug|Any CPU
		{97419073-1A8D-496C-A153-F12CB38F4BF8}.Ad-Hoc|x86.ActiveCfg = Debug|Any CPU
		{97419073-1A8D-496C-A153-F12CB38F4BF8}.Ad-Hoc|x86.Build.0 = Debug|Any CPU
		{97419073-1A8D-496C-A153-F12CB38F4BF8}.AppStore|Any CPU.ActiveCfg = Debug|Any CPU
		{97419073-1A8D-496C-A153-F12CB38F4BF8}.AppStore|Any CPU.Build.0 = Debug|Any CPU
		{97419073-1A8D-496C-A153-F12CB38F4BF8}.AppStore|ARM.ActiveCfg = Debug|Any CPU
		{97419073-1A8D-496C-A153-F12CB38F4BF8}.AppStore|ARM.Build.0 = Debug|Any CPU
		{97419073-1A8D-496C-A153-F12CB38F4BF8}.AppStore|iPhone.ActiveCfg = Debug|Any CPU
		{97419073-1A8D-496C-A153-F12CB38F4BF8}.AppStore|iPhone.Build.0 = Debug|Any CPU
		{97419073-1A8D-496C-A153-F12CB38F4BF8}.AppStore|iPhoneSimulator.ActiveCfg = Debug|Any CPU
		{97419073-1A8D-496C-A153-F12CB38F4BF8}.AppStore|iPhoneSimulator.Build.0 = Debug|Any CPU
		{97419073-1A8D-496C-A153-F12CB38F4BF8}.AppStore|x64.ActiveCfg = Debug|Any CPU
		{97419073-1A8D-496C-A153-F12CB38F4BF8}.AppStore|x64.Build.0 = Debug|Any CPU
		{97419073-1A8D-496C-A153-F12CB38F4BF8}.AppStore|x86.ActiveCfg = Debug|Any CPU
		{97419073-1A8D-496C-A153-F12CB38F4BF8}.AppStore|x86.Build.0 = Debug|Any CPU
		{97419073-1A8D-496C-A153-F12CB38F4BF8}.Debug|Any CPU.ActiveCfg = Debug|Any CPU
		{97419073-1A8D-496C-A153-F12CB38F4BF8}.Debug|Any CPU.Build.0 = Debug|Any CPU
		{97419073-1A8D-496C-A153-F12CB38F4BF8}.Debug|ARM.ActiveCfg = Debug|Any CPU
		{97419073-1A8D-496C-A153-F12CB38F4BF8}.Debug|ARM.Build.0 = Debug|Any CPU
		{97419073-1A8D-496C-A153-F12CB38F4BF8}.Debug|iPhone.ActiveCfg = Debug|Any CPU
		{97419073-1A8D-496C-A153-F12CB38F4BF8}.Debug|iPhone.Build.0 = Debug|Any CPU
		{97419073-1A8D-496C-A153-F12CB38F4BF8}.Debug|iPhoneSimulator.ActiveCfg = Debug|Any CPU
		{97419073-1A8D-496C-A153-F12CB38F4BF8}.Debug|iPhoneSimulator.Build.0 = Debug|Any CPU
		{97419073-1A8D-496C-A153-F12CB38F4BF8}.Debug|x64.ActiveCfg = Debug|Any CPU
		{97419073-1A8D-496C-A153-F12CB38F4BF8}.Debug|x64.Build.0 = Debug|Any CPU
		{97419073-1A8D-496C-A153-F12CB38F4BF8}.Debug|x86.ActiveCfg = Debug|Any CPU
		{97419073-1A8D-496C-A153-F12CB38F4BF8}.Debug|x86.Build.0 = Debug|Any CPU
		{97419073-1A8D-496C-A153-F12CB38F4BF8}.Release|Any CPU.ActiveCfg = Release|Any CPU
		{97419073-1A8D-496C-A153-F12CB38F4BF8}.Release|Any CPU.Build.0 = Release|Any CPU
		{97419073-1A8D-496C-A153-F12CB38F4BF8}.Release|ARM.ActiveCfg = Release|Any CPU
		{97419073-1A8D-496C-A153-F12CB38F4BF8}.Release|ARM.Build.0 = Release|Any CPU
		{97419073-1A8D-496C-A153-F12CB38F4BF8}.Release|iPhone.ActiveCfg = Release|Any CPU
		{97419073-1A8D-496C-A153-F12CB38F4BF8}.Release|iPhone.Build.0 = Release|Any CPU
		{97419073-1A8D-496C-A153-F12CB38F4BF8}.Release|iPhoneSimulator.ActiveCfg = Release|Any CPU
		{97419073-1A8D-496C-A153-F12CB38F4BF8}.Release|iPhoneSimulator.Build.0 = Release|Any CPU
		{97419073-1A8D-496C-A153-F12CB38F4BF8}.Release|x64.ActiveCfg = Release|Any CPU
		{97419073-1A8D-496C-A153-F12CB38F4BF8}.Release|x64.Build.0 = Release|Any CPU
		{97419073-1A8D-496C-A153-F12CB38F4BF8}.Release|x86.ActiveCfg = Release|Any CPU
		{97419073-1A8D-496C-A153-F12CB38F4BF8}.Release|x86.Build.0 = Release|Any CPU
	EndGlobalSection
	GlobalSection(SolutionProperties) = preSolution
		HideSolutionNode = FALSE
	EndGlobalSection
	GlobalSection(ExtensibilityGlobals) = postSolution
		SolutionGuid = {DD39BD27-3F81-4F55-807A-0040F9613D7F}
	EndGlobalSection
EndGlobal
